[{<<"cronparser">>,
  {git,"git@github.com:antoniogarrote/cronparser.erl.git",
       {ref,"a2a3d10cfe4e8d8493d85dfae540b488d17555be"}},
  0},
 {<<"econfig">>,
  {git,"git@github.com:benoitc/econfig.git",
       {ref,"344a9fb064814790e07057c7b16efef4cea0d7e6"}},
  0},
 {<<"edate">>,
  {git,"https://github.com/dweldon/edate.git",
       {ref,"640718ee7fde7d5bac0c5d228d0a4acd8712f719"}},
  1},
 {<<"etoml">>,
  {git,"git@github.com:tkyshm/etoml.git",
       {ref,"b23274eea9087b2b27dc93574e166326cb5262b4"}},
  0},
 {<<"goldrush">>,
  {git,"git://github.com/DeadZen/goldrush.git",
       {ref,"212299233c7e7eb63a97be2777e1c05ebaa58dbe"}},
  1},
 {<<"lager">>,
  {git,"git@github.com:basho/lager.git",
       {ref,"b2cb2735713e3021e0761623ff595d53a545438e"}},
  0},
 {<<"tomle">>,
  {git,"git@github.com:kaos/tomle.git",
       {ref,"a874ea15ca2b1458d8092056aa513b1786a6adfc"}},
  0},
 {<<"yamerl">>,
  {git,"git@github.com:yakaz/yamerl.git",
       {ref,"ae810a808817d9482b4628ae3e20d746e3729fe0"}},
  0}].
